{"is_source_file": false, "format": "", "description": "", "external_files": [], "external_methods": [], "published": [], "classes": [], "methods": [], "calls": [], "search-terms": [], "state": 2, "file_id": 35, "knowledge_revision": 85, "git_revision": "26702b9e646346cd85ab0c1ddc4beeaffbe079fa", "hash": "e9b4c3b42cef0193b7fddb548d37e652", "format-version": 4, "code-base-name": "default", "filename": "piggy_pal/post_process_status.lock", "revision_history": [{"85": "26702b9e646346cd85ab0c1ddc4beeaffbe079fa"}]}