{"is_source_file": true, "file_id": 35, "git_revision": "26702b9e646346cd85ab0c1ddc4beeaffbe079fa", "state": 1, "description": "", "external_files": [], "external_methods": [], "published": [], "classes": [], "methods": [], "calls": [], "search-terms": [], "hash": "e9b4c3b42cef0193b7fddb548d37e652", "format-version": 4, "code-base-name": "default", "filename": "piggy_pal/post_process_status.lock", "knowledge_revision": 78}