{"is_source_file": false, "format": "", "description": "", "external_files": [], "external_methods": [], "published": [], "classes": [], "methods": [], "calls": [], "search-terms": [], "state": 2, "file_id": 1, "knowledge_revision": 20, "git_revision": "976eabe60d1c7c362c7010069d32ea21ae87ec58", "hash": "9c4ed7ef73e22b872b8055bec08b8979", "format-version": 4, "code-base-name": "default", "filename": "piggy_pal/post_process_status.lock", "revision_history": [{"20": "976eabe60d1c7c362c7010069d32ea21ae87ec58"}]}